
Microsoft Visual Studio Solution File, Format Version 12.00
# Visual Studio Version 17
VisualStudioVersion = 17.2.32519.379
MinimumVisualStudioVersion = 10.0.40219.1
Project("{FAE04EC0-301F-11D3-BF4B-00C04F79EFBC}") = "DaySchedulerApp.Domain", "DaySchedulerApp.Domain\DaySchedulerApp.Domain.csproj", "{670A8D93-5A36-4CDE-A60C-E014B6E98BB5}"
EndProject
Project("{2150E333-8FDC-42A3-9474-1A3956D46DE8}") = "Domain", "Domain", "{BA0BE6AF-10DC-4E0A-B892-14899306BD5A}"
EndProject
Project("{2150E333-8FDC-42A3-9474-1A3956D46DE8}") = "src", "src", "{754EF23F-AA27-4F0B-A053-435BE40981BC}"
EndProject
Project("{FAE04EC0-301F-11D3-BF4B-00C04F79EFBC}") = "DaySchedulerApp.Application", "DaySchedulerApp.Application\DaySchedulerApp.Application.csproj", "{B19FE59F-5D70-4126-86FF-1630E4F27B7D}"
EndProject
Project("{2150E333-8FDC-42A3-9474-1A3956D46DE8}") = "Api", "Api", "{E4BC6632-4034-41E6-83B4-3045988E8A7D}"
EndProject
Project("{2150E333-8FDC-42A3-9474-1A3956D46DE8}") = "UI", "UI", "{809AFD11-B1A6-43AA-8B50-21B7A82BDA6C}"
EndProject
Project("{2150E333-8FDC-42A3-9474-1A3956D46DE8}") = "Infrastructure", "Infrastructure", "{99E2C5FB-D89E-4D9E-BDDF-3CCA2C69FC0E}"
EndProject
Project("{2150E333-8FDC-42A3-9474-1A3956D46DE8}") = "test", "test", "{EE74CA00-DF90-4F5D-B36D-3E8273F96281}"
EndProject
Global
	GlobalSection(SolutionConfigurationPlatforms) = preSolution
		Debug|Any CPU = Debug|Any CPU
		Release|Any CPU = Release|Any CPU
	EndGlobalSection
	GlobalSection(ProjectConfigurationPlatforms) = postSolution
		{670A8D93-5A36-4CDE-A60C-E014B6E98BB5}.Debug|Any CPU.ActiveCfg = Debug|Any CPU
		{670A8D93-5A36-4CDE-A60C-E014B6E98BB5}.Debug|Any CPU.Build.0 = Debug|Any CPU
		{670A8D93-5A36-4CDE-A60C-E014B6E98BB5}.Release|Any CPU.ActiveCfg = Release|Any CPU
		{670A8D93-5A36-4CDE-A60C-E014B6E98BB5}.Release|Any CPU.Build.0 = Release|Any CPU
		{B19FE59F-5D70-4126-86FF-1630E4F27B7D}.Debug|Any CPU.ActiveCfg = Debug|Any CPU
		{B19FE59F-5D70-4126-86FF-1630E4F27B7D}.Debug|Any CPU.Build.0 = Debug|Any CPU
		{B19FE59F-5D70-4126-86FF-1630E4F27B7D}.Release|Any CPU.ActiveCfg = Release|Any CPU
		{B19FE59F-5D70-4126-86FF-1630E4F27B7D}.Release|Any CPU.Build.0 = Release|Any CPU
	EndGlobalSection
	GlobalSection(SolutionProperties) = preSolution
		HideSolutionNode = FALSE
	EndGlobalSection
	GlobalSection(NestedProjects) = preSolution
		{670A8D93-5A36-4CDE-A60C-E014B6E98BB5} = {BA0BE6AF-10DC-4E0A-B892-14899306BD5A}
		{BA0BE6AF-10DC-4E0A-B892-14899306BD5A} = {754EF23F-AA27-4F0B-A053-435BE40981BC}
		{B19FE59F-5D70-4126-86FF-1630E4F27B7D} = {BA0BE6AF-10DC-4E0A-B892-14899306BD5A}
		{E4BC6632-4034-41E6-83B4-3045988E8A7D} = {754EF23F-AA27-4F0B-A053-435BE40981BC}
		{809AFD11-B1A6-43AA-8B50-21B7A82BDA6C} = {754EF23F-AA27-4F0B-A053-435BE40981BC}
		{99E2C5FB-D89E-4D9E-BDDF-3CCA2C69FC0E} = {754EF23F-AA27-4F0B-A053-435BE40981BC}
	EndGlobalSection
	GlobalSection(ExtensibilityGlobals) = postSolution
		SolutionGuid = {2D9C4C62-1C2B-44D7-A4B8-0F8BADFA2B65}
	EndGlobalSection
EndGlobal
